// !$*UTF8*$!
{
	archiveVersion = 1;
	classes = {
	};
	objectVersion = 46;
	objects = {

/* Begin PBXBuildFile section */
		2413248C64CA480CCD1D62F1 /* Pods_HWJavaScriptBridge_Tests.framework in Frameworks */ = {isa = PBXBuildFile; fileRef = 3E7536D442F0595540BA184B /* Pods_HWJavaScriptBridge_Tests.framework */; };
		6003F58E195388D20070C39A /* Foundation.framework in Frameworks */ = {isa = PBXBuildFile; fileRef = 6003F58D195388D20070C39A /* Foundation.framework */; };
		6003F590195388D20070C39A /* CoreGraphics.framework in Frameworks */ = {isa = PBXBuildFile; fileRef = 6003F58F195388D20070C39A /* CoreGraphics.framework */; };
		6003F592195388D20070C39A /* UIKit.framework in Frameworks */ = {isa = PBXBuildFile; fileRef = 6003F591195388D20070C39A /* UIKit.framework */; };
		6003F598195388D20070C39A /* InfoPlist.strings in Resources */ = {isa = PBXBuildFile; fileRef = 6003F596195388D20070C39A /* InfoPlist.strings */; };
		6003F59A195388D20070C39A /* main.m in Sources */ = {isa = PBXBuildFile; fileRef = 6003F599195388D20070C39A /* main.m */; };
		6003F59E195388D20070C39A /* HWAppDelegate.m in Sources */ = {isa = PBXBuildFile; fileRef = 6003F59D195388D20070C39A /* HWAppDelegate.m */; };
		6003F5A7195388D20070C39A /* HWViewController.m in Sources */ = {isa = PBXBuildFile; fileRef = 6003F5A6195388D20070C39A /* HWViewController.m */; };
		6003F5A9195388D20070C39A /* Images.xcassets in Resources */ = {isa = PBXBuildFile; fileRef = 6003F5A8195388D20070C39A /* Images.xcassets */; };
		6003F5B0195388D20070C39A /* XCTest.framework in Frameworks */ = {isa = PBXBuildFile; fileRef = 6003F5AF195388D20070C39A /* XCTest.framework */; };
		6003F5B1195388D20070C39A /* Foundation.framework in Frameworks */ = {isa = PBXBuildFile; fileRef = 6003F58D195388D20070C39A /* Foundation.framework */; };
		6003F5B2195388D20070C39A /* UIKit.framework in Frameworks */ = {isa = PBXBuildFile; fileRef = 6003F591195388D20070C39A /* UIKit.framework */; };
		6003F5BA195388D20070C39A /* InfoPlist.strings in Resources */ = {isa = PBXBuildFile; fileRef = 6003F5B8195388D20070C39A /* InfoPlist.strings */; };
		6003F5BC195388D20070C39A /* Tests.m in Sources */ = {isa = PBXBuildFile; fileRef = 6003F5BB195388D20070C39A /* Tests.m */; };
		63462F31281BAC93005BA63C /* PerformanceDashboardVC.m in Sources */ = {isa = PBXBuildFile; fileRef = 63462F0A281BAC93005BA63C /* PerformanceDashboardVC.m */; };
		63462F32281BAC93005BA63C /* Skeleton.m in Sources */ = {isa = PBXBuildFile; fileRef = 63462F0C281BAC93005BA63C /* Skeleton.m */; };
		63462F33281BAC93005BA63C /* UIView+Toast.m in Sources */ = {isa = PBXBuildFile; fileRef = 63462F10281BAC93005BA63C /* UIView+Toast.m */; };
		63462F34281BAC93005BA63C /* demo.html in Resources */ = {isa = PBXBuildFile; fileRef = 63462F13281BAC93005BA63C /* demo.html */; };
		63462F35281BAC93005BA63C /* BDBaseWebViewController.m in Sources */ = {isa = PBXBuildFile; fileRef = 63462F17281BAC93005BA63C /* BDBaseWebViewController.m */; };
		63462F36281BAC93005BA63C /* jscode.txt in Resources */ = {isa = PBXBuildFile; fileRef = 63462F18281BAC93005BA63C /* jscode.txt */; };
		63462F37281BAC93005BA63C /* BDNavigationView.m in Sources */ = {isa = PBXBuildFile; fileRef = 63462F1B281BAC93005BA63C /* BDNavigationView.m */; };
		63462F38281BAC93005BA63C /* BDNavigationViewController.m in Sources */ = {isa = PBXBuildFile; fileRef = 63462F1E281BAC93005BA63C /* BDNavigationViewController.m */; };
		63462F39281BAC93005BA63C /* NavigationBarView.m in Sources */ = {isa = PBXBuildFile; fileRef = 63462F20281BAC93005BA63C /* NavigationBarView.m */; };
		63462F3A281BAC93005BA63C /* UIViewController+PopGesture.m in Sources */ = {isa = PBXBuildFile; fileRef = 63462F21281BAC93005BA63C /* UIViewController+PopGesture.m */; };
		63462F3B281BAC93005BA63C /* BDBaseViewController.m in Sources */ = {isa = PBXBuildFile; fileRef = 63462F23281BAC93005BA63C /* BDBaseViewController.m */; };
		63462F3C281BAC93005BA63C /* BDLoadingView.m in Sources */ = {isa = PBXBuildFile; fileRef = 63462F24281BAC93005BA63C /* BDLoadingView.m */; };
		63462F3D281BAC93005BA63C /* BDTabBarViewController.m in Sources */ = {isa = PBXBuildFile; fileRef = 63462F28281BAC93005BA63C /* BDTabBarViewController.m */; };
		63462F3E281BAC93005BA63C /* UIColor+Hex.m in Sources */ = {isa = PBXBuildFile; fileRef = 63462F2C281BAC93005BA63C /* UIColor+Hex.m */; };
		63462F3F281BAC93005BA63C /* UIView+Frame.m in Sources */ = {isa = PBXBuildFile; fileRef = 63462F2D281BAC93005BA63C /* UIView+Frame.m */; };
		63462F40281BAC93005BA63C /* UIWindow+KeyWindow.m in Sources */ = {isa = PBXBuildFile; fileRef = 63462F2E281BAC93005BA63C /* UIWindow+KeyWindow.m */; };
		63462F4B281BACA4005BA63C /* BridgeDemoViewController.m in Sources */ = {isa = PBXBuildFile; fileRef = 63462F41281BACA4005BA63C /* BridgeDemoViewController.m */; };
		63462F4C281BACA4005BA63C /* UIButton+Standard.m in Sources */ = {isa = PBXBuildFile; fileRef = 63462F44281BACA4005BA63C /* UIButton+Standard.m */; };
		63462F4D281BACA4005BA63C /* HomeViewController.m in Sources */ = {isa = PBXBuildFile; fileRef = 63462F45281BACA4005BA63C /* HomeViewController.m */; };
		63462F4E281BACA4005BA63C /* VBViewController.m in Sources */ = {isa = PBXBuildFile; fileRef = 63462F46281BACA4005BA63C /* VBViewController.m */; };
		63462F4F281BACA4005BA63C /* VBWebViewController.m in Sources */ = {isa = PBXBuildFile; fileRef = 63462F49281BACA4005BA63C /* VBWebViewController.m */; };
		63462F51281BAD47005BA63C /* demoapp.html in Resources */ = {isa = PBXBuildFile; fileRef = 63462F50281BAD47005BA63C /* demoapp.html */; };
		63462F53281BAEC5005BA63C /* honejsbridge.js in Resources */ = {isa = PBXBuildFile; fileRef = 63462F52281BAEC5005BA63C /* honejsbridge.js */; };
		71719F9F1E33DC2100824A3D /* LaunchScreen.storyboard in Resources */ = {isa = PBXBuildFile; fileRef = 71719F9D1E33DC2100824A3D /* LaunchScreen.storyboard */; };
		873B8AEB1B1F5CCA007FD442 /* Main.storyboard in Resources */ = {isa = PBXBuildFile; fileRef = 873B8AEA1B1F5CCA007FD442 /* Main.storyboard */; };
		E400195BF5A24398C7CFABB4 /* Pods_HWJavaScriptBridge_Example.framework in Frameworks */ = {isa = PBXBuildFile; fileRef = 5FEE6E767345222BD4A50FFD /* Pods_HWJavaScriptBridge_Example.framework */; };
/* End PBXBuildFile section */

/* Begin PBXContainerItemProxy section */
		6003F5B3195388D20070C39A /* PBXContainerItemProxy */ = {
			isa = PBXContainerItemProxy;
			containerPortal = 6003F582195388D10070C39A /* Project object */;
			proxyType = 1;
			remoteGlobalIDString = 6003F589195388D20070C39A;
			remoteInfo = HWJavaScriptBridge;
		};
/* End PBXContainerItemProxy section */

/* Begin PBXFileReference section */
		2C7308C80A3E9128C3B66BF0 /* Pods-HWJavaScriptBridge_Tests.release.xcconfig */ = {isa = PBXFileReference; includeInIndex = 1; lastKnownFileType = text.xcconfig; name = "Pods-HWJavaScriptBridge_Tests.release.xcconfig"; path = "Target Support Files/Pods-HWJavaScriptBridge_Tests/Pods-HWJavaScriptBridge_Tests.release.xcconfig"; sourceTree = "<group>"; };
		3E6960C1ED9901A012DD6C73 /* Pods-HWJavaScriptBridge_Example.debug.xcconfig */ = {isa = PBXFileReference; includeInIndex = 1; lastKnownFileType = text.xcconfig; name = "Pods-HWJavaScriptBridge_Example.debug.xcconfig"; path = "Target Support Files/Pods-HWJavaScriptBridge_Example/Pods-HWJavaScriptBridge_Example.debug.xcconfig"; sourceTree = "<group>"; };
		3E7536D442F0595540BA184B /* Pods_HWJavaScriptBridge_Tests.framework */ = {isa = PBXFileReference; explicitFileType = wrapper.framework; includeInIndex = 0; path = Pods_HWJavaScriptBridge_Tests.framework; sourceTree = BUILT_PRODUCTS_DIR; };
		5FEE6E767345222BD4A50FFD /* Pods_HWJavaScriptBridge_Example.framework */ = {isa = PBXFileReference; explicitFileType = wrapper.framework; includeInIndex = 0; path = Pods_HWJavaScriptBridge_Example.framework; sourceTree = BUILT_PRODUCTS_DIR; };
		6003F58A195388D20070C39A /* HWJavaScriptBridge_Example.app */ = {isa = PBXFileReference; explicitFileType = wrapper.application; includeInIndex = 0; path = HWJavaScriptBridge_Example.app; sourceTree = BUILT_PRODUCTS_DIR; };
		6003F58D195388D20070C39A /* Foundation.framework */ = {isa = PBXFileReference; lastKnownFileType = wrapper.framework; name = Foundation.framework; path = System/Library/Frameworks/Foundation.framework; sourceTree = SDKROOT; };
		6003F58F195388D20070C39A /* CoreGraphics.framework */ = {isa = PBXFileReference; lastKnownFileType = wrapper.framework; name = CoreGraphics.framework; path = System/Library/Frameworks/CoreGraphics.framework; sourceTree = SDKROOT; };
		6003F591195388D20070C39A /* UIKit.framework */ = {isa = PBXFileReference; lastKnownFileType = wrapper.framework; name = UIKit.framework; path = System/Library/Frameworks/UIKit.framework; sourceTree = SDKROOT; };
		6003F595195388D20070C39A /* HWJavaScriptBridge-Info.plist */ = {isa = PBXFileReference; lastKnownFileType = text.plist.xml; path = "HWJavaScriptBridge-Info.plist"; sourceTree = "<group>"; };
		6003F597195388D20070C39A /* en */ = {isa = PBXFileReference; lastKnownFileType = text.plist.strings; name = en; path = en.lproj/InfoPlist.strings; sourceTree = "<group>"; };
		6003F599195388D20070C39A /* main.m */ = {isa = PBXFileReference; lastKnownFileType = sourcecode.c.objc; path = main.m; sourceTree = "<group>"; };
		6003F59B195388D20070C39A /* HWJavaScriptBridge-Prefix.pch */ = {isa = PBXFileReference; lastKnownFileType = sourcecode.c.h; path = "HWJavaScriptBridge-Prefix.pch"; sourceTree = "<group>"; };
		6003F59C195388D20070C39A /* HWAppDelegate.h */ = {isa = PBXFileReference; lastKnownFileType = sourcecode.c.h; path = HWAppDelegate.h; sourceTree = "<group>"; };
		6003F59D195388D20070C39A /* HWAppDelegate.m */ = {isa = PBXFileReference; lastKnownFileType = sourcecode.c.objc; path = HWAppDelegate.m; sourceTree = "<group>"; };
		6003F5A5195388D20070C39A /* HWViewController.h */ = {isa = PBXFileReference; lastKnownFileType = sourcecode.c.h; path = HWViewController.h; sourceTree = "<group>"; };
		6003F5A6195388D20070C39A /* HWViewController.m */ = {isa = PBXFileReference; lastKnownFileType = sourcecode.c.objc; path = HWViewController.m; sourceTree = "<group>"; };
		6003F5A8195388D20070C39A /* Images.xcassets */ = {isa = PBXFileReference; lastKnownFileType = folder.assetcatalog; path = Images.xcassets; sourceTree = "<group>"; };
		6003F5AE195388D20070C39A /* HWJavaScriptBridge_Tests.xctest */ = {isa = PBXFileReference; explicitFileType = wrapper.cfbundle; includeInIndex = 0; path = HWJavaScriptBridge_Tests.xctest; sourceTree = BUILT_PRODUCTS_DIR; };
		6003F5AF195388D20070C39A /* XCTest.framework */ = {isa = PBXFileReference; lastKnownFileType = wrapper.framework; name = XCTest.framework; path = Library/Frameworks/XCTest.framework; sourceTree = DEVELOPER_DIR; };
		6003F5B7195388D20070C39A /* Tests-Info.plist */ = {isa = PBXFileReference; lastKnownFileType = text.plist.xml; path = "Tests-Info.plist"; sourceTree = "<group>"; };
		6003F5B9195388D20070C39A /* en */ = {isa = PBXFileReference; lastKnownFileType = text.plist.strings; name = en; path = en.lproj/InfoPlist.strings; sourceTree = "<group>"; };
		6003F5BB195388D20070C39A /* Tests.m */ = {isa = PBXFileReference; lastKnownFileType = sourcecode.c.objc; path = Tests.m; sourceTree = "<group>"; };
		606FC2411953D9B200FFA9A0 /* Tests-Prefix.pch */ = {isa = PBXFileReference; lastKnownFileType = sourcecode.c.h; path = "Tests-Prefix.pch"; sourceTree = "<group>"; };
		63462F07281BAC93005BA63C /* Theme.h */ = {isa = PBXFileReference; fileEncoding = 4; lastKnownFileType = sourcecode.c.h; path = Theme.h; sourceTree = "<group>"; };
		63462F08281BAC93005BA63C /* UIStyle.h */ = {isa = PBXFileReference; fileEncoding = 4; lastKnownFileType = sourcecode.c.h; path = UIStyle.h; sourceTree = "<group>"; };
		63462F09281BAC93005BA63C /* ColorStyle.h */ = {isa = PBXFileReference; fileEncoding = 4; lastKnownFileType = sourcecode.c.h; path = ColorStyle.h; sourceTree = "<group>"; };
		63462F0A281BAC93005BA63C /* PerformanceDashboardVC.m */ = {isa = PBXFileReference; fileEncoding = 4; lastKnownFileType = sourcecode.c.objc; path = PerformanceDashboardVC.m; sourceTree = "<group>"; };
		63462F0C281BAC93005BA63C /* Skeleton.m */ = {isa = PBXFileReference; fileEncoding = 4; lastKnownFileType = sourcecode.c.objc; path = Skeleton.m; sourceTree = "<group>"; };
		63462F0D281BAC93005BA63C /* Skeleton.h */ = {isa = PBXFileReference; fileEncoding = 4; lastKnownFileType = sourcecode.c.h; path = Skeleton.h; sourceTree = "<group>"; };
		63462F0F281BAC93005BA63C /* UIView+Toast.h */ = {isa = PBXFileReference; fileEncoding = 4; lastKnownFileType = sourcecode.c.h; path = "UIView+Toast.h"; sourceTree = "<group>"; };
		63462F10281BAC93005BA63C /* UIView+Toast.m */ = {isa = PBXFileReference; fileEncoding = 4; lastKnownFileType = sourcecode.c.objc; path = "UIView+Toast.m"; sourceTree = "<group>"; };
		63462F11281BAC93005BA63C /* PerformanceDashboardVC.h */ = {isa = PBXFileReference; fileEncoding = 4; lastKnownFileType = sourcecode.c.h; path = PerformanceDashboardVC.h; sourceTree = "<group>"; };
		63462F13281BAC93005BA63C /* demo.html */ = {isa = PBXFileReference; fileEncoding = 4; lastKnownFileType = text.html; path = demo.html; sourceTree = "<group>"; };
		63462F16281BAC93005BA63C /* BDBaseWebViewController.h */ = {isa = PBXFileReference; fileEncoding = 4; lastKnownFileType = sourcecode.c.h; path = BDBaseWebViewController.h; sourceTree = "<group>"; };
		63462F17281BAC93005BA63C /* BDBaseWebViewController.m */ = {isa = PBXFileReference; fileEncoding = 4; lastKnownFileType = sourcecode.c.objc; path = BDBaseWebViewController.m; sourceTree = "<group>"; };
		63462F18281BAC93005BA63C /* jscode.txt */ = {isa = PBXFileReference; fileEncoding = 4; lastKnownFileType = text; path = jscode.txt; sourceTree = "<group>"; };
		63462F1A281BAC93005BA63C /* BDNavigationViewController.h */ = {isa = PBXFileReference; fileEncoding = 4; lastKnownFileType = sourcecode.c.h; path = BDNavigationViewController.h; sourceTree = "<group>"; };
		63462F1B281BAC93005BA63C /* BDNavigationView.m */ = {isa = PBXFileReference; fileEncoding = 4; lastKnownFileType = sourcecode.c.objc; path = BDNavigationView.m; sourceTree = "<group>"; };
		63462F1C281BAC93005BA63C /* NavigationBarView.h */ = {isa = PBXFileReference; fileEncoding = 4; lastKnownFileType = sourcecode.c.h; path = NavigationBarView.h; sourceTree = "<group>"; };
		63462F1D281BAC93005BA63C /* UIViewController+PopGesture.h */ = {isa = PBXFileReference; fileEncoding = 4; lastKnownFileType = sourcecode.c.h; path = "UIViewController+PopGesture.h"; sourceTree = "<group>"; };
		63462F1E281BAC93005BA63C /* BDNavigationViewController.m */ = {isa = PBXFileReference; fileEncoding = 4; lastKnownFileType = sourcecode.c.objc; path = BDNavigationViewController.m; sourceTree = "<group>"; };
		63462F1F281BAC93005BA63C /* BDNavigationView.h */ = {isa = PBXFileReference; fileEncoding = 4; lastKnownFileType = sourcecode.c.h; path = BDNavigationView.h; sourceTree = "<group>"; };
		63462F20281BAC93005BA63C /* NavigationBarView.m */ = {isa = PBXFileReference; fileEncoding = 4; lastKnownFileType = sourcecode.c.objc; path = NavigationBarView.m; sourceTree = "<group>"; };
		63462F21281BAC93005BA63C /* UIViewController+PopGesture.m */ = {isa = PBXFileReference; fileEncoding = 4; lastKnownFileType = sourcecode.c.objc; path = "UIViewController+PopGesture.m"; sourceTree = "<group>"; };
		63462F23281BAC93005BA63C /* BDBaseViewController.m */ = {isa = PBXFileReference; fileEncoding = 4; lastKnownFileType = sourcecode.c.objc; path = BDBaseViewController.m; sourceTree = "<group>"; };
		63462F24281BAC93005BA63C /* BDLoadingView.m */ = {isa = PBXFileReference; fileEncoding = 4; lastKnownFileType = sourcecode.c.objc; path = BDLoadingView.m; sourceTree = "<group>"; };
		63462F25281BAC93005BA63C /* BDBaseViewController.h */ = {isa = PBXFileReference; fileEncoding = 4; lastKnownFileType = sourcecode.c.h; path = BDBaseViewController.h; sourceTree = "<group>"; };
		63462F26281BAC93005BA63C /* BDLoadingView.h */ = {isa = PBXFileReference; fileEncoding = 4; lastKnownFileType = sourcecode.c.h; path = BDLoadingView.h; sourceTree = "<group>"; };
		63462F28281BAC93005BA63C /* BDTabBarViewController.m */ = {isa = PBXFileReference; fileEncoding = 4; lastKnownFileType = sourcecode.c.objc; path = BDTabBarViewController.m; sourceTree = "<group>"; };
		63462F29281BAC93005BA63C /* BDTabBarViewController.h */ = {isa = PBXFileReference; fileEncoding = 4; lastKnownFileType = sourcecode.c.h; path = BDTabBarViewController.h; sourceTree = "<group>"; };
		63462F2B281BAC93005BA63C /* UIWindow+KeyWindow.h */ = {isa = PBXFileReference; fileEncoding = 4; lastKnownFileType = sourcecode.c.h; path = "UIWindow+KeyWindow.h"; sourceTree = "<group>"; };
		63462F2C281BAC93005BA63C /* UIColor+Hex.m */ = {isa = PBXFileReference; fileEncoding = 4; lastKnownFileType = sourcecode.c.objc; path = "UIColor+Hex.m"; sourceTree = "<group>"; };
		63462F2D281BAC93005BA63C /* UIView+Frame.m */ = {isa = PBXFileReference; fileEncoding = 4; lastKnownFileType = sourcecode.c.objc; path = "UIView+Frame.m"; sourceTree = "<group>"; };
		63462F2E281BAC93005BA63C /* UIWindow+KeyWindow.m */ = {isa = PBXFileReference; fileEncoding = 4; lastKnownFileType = sourcecode.c.objc; path = "UIWindow+KeyWindow.m"; sourceTree = "<group>"; };
		63462F2F281BAC93005BA63C /* UIColor+Hex.h */ = {isa = PBXFileReference; fileEncoding = 4; lastKnownFileType = sourcecode.c.h; path = "UIColor+Hex.h"; sourceTree = "<group>"; };
		63462F30281BAC93005BA63C /* UIView+Frame.h */ = {isa = PBXFileReference; fileEncoding = 4; lastKnownFileType = sourcecode.c.h; path = "UIView+Frame.h"; sourceTree = "<group>"; };
		63462F41281BACA4005BA63C /* BridgeDemoViewController.m */ = {isa = PBXFileReference; fileEncoding = 4; lastKnownFileType = sourcecode.c.objc; path = BridgeDemoViewController.m; sourceTree = "<group>"; };
		63462F42281BACA4005BA63C /* BridgeDemoViewController.h */ = {isa = PBXFileReference; fileEncoding = 4; lastKnownFileType = sourcecode.c.h; path = BridgeDemoViewController.h; sourceTree = "<group>"; };
		63462F43281BACA4005BA63C /* VBWebViewController.h */ = {isa = PBXFileReference; fileEncoding = 4; lastKnownFileType = sourcecode.c.h; path = VBWebViewController.h; sourceTree = "<group>"; };
		63462F44281BACA4005BA63C /* UIButton+Standard.m */ = {isa = PBXFileReference; fileEncoding = 4; lastKnownFileType = sourcecode.c.objc; path = "UIButton+Standard.m"; sourceTree = "<group>"; };
		63462F45281BACA4005BA63C /* HomeViewController.m */ = {isa = PBXFileReference; fileEncoding = 4; lastKnownFileType = sourcecode.c.objc; path = HomeViewController.m; sourceTree = "<group>"; };
		63462F46281BACA4005BA63C /* VBViewController.m */ = {isa = PBXFileReference; fileEncoding = 4; lastKnownFileType = sourcecode.c.objc; path = VBViewController.m; sourceTree = "<group>"; };
		63462F47281BACA4005BA63C /* VBViewController.h */ = {isa = PBXFileReference; fileEncoding = 4; lastKnownFileType = sourcecode.c.h; path = VBViewController.h; sourceTree = "<group>"; };
		63462F48281BACA4005BA63C /* UIButton+Standard.h */ = {isa = PBXFileReference; fileEncoding = 4; lastKnownFileType = sourcecode.c.h; path = "UIButton+Standard.h"; sourceTree = "<group>"; };
		63462F49281BACA4005BA63C /* VBWebViewController.m */ = {isa = PBXFileReference; fileEncoding = 4; lastKnownFileType = sourcecode.c.objc; path = VBWebViewController.m; sourceTree = "<group>"; };
		63462F4A281BACA4005BA63C /* HomeViewController.h */ = {isa = PBXFileReference; fileEncoding = 4; lastKnownFileType = sourcecode.c.h; path = HomeViewController.h; sourceTree = "<group>"; };
		63462F50281BAD47005BA63C /* demoapp.html */ = {isa = PBXFileReference; fileEncoding = 4; lastKnownFileType = text.html; path = demoapp.html; sourceTree = "<group>"; };
		63462F52281BAEC5005BA63C /* honejsbridge.js */ = {isa = PBXFileReference; fileEncoding = 4; lastKnownFileType = sourcecode.javascript; path = honejsbridge.js; sourceTree = "<group>"; };
		71719F9E1E33DC2100824A3D /* Base */ = {isa = PBXFileReference; lastKnownFileType = file.storyboard; name = Base; path = Base.lproj/LaunchScreen.storyboard; sourceTree = "<group>"; };
		756DB97586239FFC0DEB20B0 /* Pods-HWJavaScriptBridge_Example.release.xcconfig */ = {isa = PBXFileReference; includeInIndex = 1; lastKnownFileType = text.xcconfig; name = "Pods-HWJavaScriptBridge_Example.release.xcconfig"; path = "Target Support Files/Pods-HWJavaScriptBridge_Example/Pods-HWJavaScriptBridge_Example.release.xcconfig"; sourceTree = "<group>"; };
		873B8AEA1B1F5CCA007FD442 /* Main.storyboard */ = {isa = PBXFileReference; fileEncoding = 4; lastKnownFileType = file.storyboard; name = Main.storyboard; path = Base.lproj/Main.storyboard; sourceTree = "<group>"; };
		A4A1B410B8C0D4D3A7E0E855 /* README.md */ = {isa = PBXFileReference; includeInIndex = 1; lastKnownFileType = net.daringfireball.markdown; name = README.md; path = ../README.md; sourceTree = "<group>"; };
		C4320E7A6C2C8B1AC8E51DEC /* Pods-HWJavaScriptBridge_Tests.debug.xcconfig */ = {isa = PBXFileReference; includeInIndex = 1; lastKnownFileType = text.xcconfig; name = "Pods-HWJavaScriptBridge_Tests.debug.xcconfig"; path = "Target Support Files/Pods-HWJavaScriptBridge_Tests/Pods-HWJavaScriptBridge_Tests.debug.xcconfig"; sourceTree = "<group>"; };
		D5F180D6C9D6F7C65E15B009 /* LICENSE */ = {isa = PBXFileReference; includeInIndex = 1; lastKnownFileType = text; name = LICENSE; path = ../LICENSE; sourceTree = "<group>"; };
		E8DF9601F68C850B1B0AF2BC /* HWJavaScriptBridge.podspec */ = {isa = PBXFileReference; includeInIndex = 1; lastKnownFileType = text; name = HWJavaScriptBridge.podspec; path = ../HWJavaScriptBridge.podspec; sourceTree = "<group>"; };
/* End PBXFileReference section */

/* Begin PBXFrameworksBuildPhase section */
		6003F587195388D20070C39A /* Frameworks */ = {
			isa = PBXFrameworksBuildPhase;
			buildActionMask = 2147483647;
			files = (
				6003F590195388D20070C39A /* CoreGraphics.framework in Frameworks */,
				6003F592195388D20070C39A /* UIKit.framework in Frameworks */,
				6003F58E195388D20070C39A /* Foundation.framework in Frameworks */,
				E400195BF5A24398C7CFABB4 /* Pods_HWJavaScriptBridge_Example.framework in Frameworks */,
			);
			runOnlyForDeploymentPostprocessing = 0;
		};
		6003F5AB195388D20070C39A /* Frameworks */ = {
			isa = PBXFrameworksBuildPhase;
			buildActionMask = 2147483647;
			files = (
				6003F5B0195388D20070C39A /* XCTest.framework in Frameworks */,
				6003F5B2195388D20070C39A /* UIKit.framework in Frameworks */,
				6003F5B1195388D20070C39A /* Foundation.framework in Frameworks */,
				2413248C64CA480CCD1D62F1 /* Pods_HWJavaScriptBridge_Tests.framework in Frameworks */,
			);
			runOnlyForDeploymentPostprocessing = 0;
		};
/* End PBXFrameworksBuildPhase section */

/* Begin PBXGroup section */
		6003F581195388D10070C39A = {
			isa = PBXGroup;
			children = (
				60FF7A9C1954A5C5007DD14C /* Podspec Metadata */,
				6003F593195388D20070C39A /* Example for HWJavaScriptBridge */,
				6003F5B5195388D20070C39A /* Tests */,
				6003F58C195388D20070C39A /* Frameworks */,
				6003F58B195388D20070C39A /* Products */,
				B679DDA85DADC269137A10D9 /* Pods */,
			);
			sourceTree = "<group>";
		};
		6003F58B195388D20070C39A /* Products */ = {
			isa = PBXGroup;
			children = (
				6003F58A195388D20070C39A /* HWJavaScriptBridge_Example.app */,
				6003F5AE195388D20070C39A /* HWJavaScriptBridge_Tests.xctest */,
			);
			name = Products;
			sourceTree = "<group>";
		};
		6003F58C195388D20070C39A /* Frameworks */ = {
			isa = PBXGroup;
			children = (
				6003F58D195388D20070C39A /* Foundation.framework */,
				6003F58F195388D20070C39A /* CoreGraphics.framework */,
				6003F591195388D20070C39A /* UIKit.framework */,
				6003F5AF195388D20070C39A /* XCTest.framework */,
				5FEE6E767345222BD4A50FFD /* Pods_HWJavaScriptBridge_Example.framework */,
				3E7536D442F0595540BA184B /* Pods_HWJavaScriptBridge_Tests.framework */,
			);
			name = Frameworks;
			sourceTree = "<group>";
		};
		6003F593195388D20070C39A /* Example for HWJavaScriptBridge */ = {
			isa = PBXGroup;
			children = (
				63462F05281BAC93005BA63C /* Support */,
				6003F59C195388D20070C39A /* HWAppDelegate.h */,
				6003F59D195388D20070C39A /* HWAppDelegate.m */,
				63462F50281BAD47005BA63C /* demoapp.html */,
				63462F52281BAEC5005BA63C /* honejsbridge.js */,
				63462F42281BACA4005BA63C /* BridgeDemoViewController.h */,
				63462F41281BACA4005BA63C /* BridgeDemoViewController.m */,
				63462F4A281BACA4005BA63C /* HomeViewController.h */,
				63462F45281BACA4005BA63C /* HomeViewController.m */,
				63462F48281BACA4005BA63C /* UIButton+Standard.h */,
				63462F44281BACA4005BA63C /* UIButton+Standard.m */,
				63462F47281BACA4005BA63C /* VBViewController.h */,
				63462F46281BACA4005BA63C /* VBViewController.m */,
				63462F43281BACA4005BA63C /* VBWebViewController.h */,
				63462F49281BACA4005BA63C /* VBWebViewController.m */,
				873B8AEA1B1F5CCA007FD442 /* Main.storyboard */,
				6003F5A5195388D20070C39A /* HWViewController.h */,
				6003F5A6195388D20070C39A /* HWViewController.m */,
				71719F9D1E33DC2100824A3D /* LaunchScreen.storyboard */,
				6003F5A8195388D20070C39A /* Images.xcassets */,
				6003F594195388D20070C39A /* Supporting Files */,
			);
			name = "Example for HWJavaScriptBridge";
			path = HWJavaScriptBridge;
			sourceTree = "<group>";
		};
		6003F594195388D20070C39A /* Supporting Files */ = {
			isa = PBXGroup;
			children = (
				6003F595195388D20070C39A /* HWJavaScriptBridge-Info.plist */,
				6003F596195388D20070C39A /* InfoPlist.strings */,
				6003F599195388D20070C39A /* main.m */,
				6003F59B195388D20070C39A /* HWJavaScriptBridge-Prefix.pch */,
			);
			name = "Supporting Files";
			sourceTree = "<group>";
		};
		6003F5B5195388D20070C39A /* Tests */ = {
			isa = PBXGroup;
			children = (
				6003F5BB195388D20070C39A /* Tests.m */,
				6003F5B6195388D20070C39A /* Supporting Files */,
			);
			path = Tests;
			sourceTree = "<group>";
		};
		6003F5B6195388D20070C39A /* Supporting Files */ = {
			isa = PBXGroup;
			children = (
				6003F5B7195388D20070C39A /* Tests-Info.plist */,
				6003F5B8195388D20070C39A /* InfoPlist.strings */,
				606FC2411953D9B200FFA9A0 /* Tests-Prefix.pch */,
			);
			name = "Supporting Files";
			sourceTree = "<group>";
		};
		60FF7A9C1954A5C5007DD14C /* Podspec Metadata */ = {
			isa = PBXGroup;
			children = (
				E8DF9601F68C850B1B0AF2BC /* HWJavaScriptBridge.podspec */,
				A4A1B410B8C0D4D3A7E0E855 /* README.md */,
				D5F180D6C9D6F7C65E15B009 /* LICENSE */,
			);
			name = "Podspec Metadata";
			sourceTree = "<group>";
		};
		63462F05281BAC93005BA63C /* Support */ = {
			isa = PBXGroup;
			children = (
				63462F06281BAC93005BA63C /* UIStyle */,
				63462F0A281BAC93005BA63C /* PerformanceDashboardVC.m */,
				63462F0B281BAC93005BA63C /* Skeleton */,
				63462F0E281BAC93005BA63C /* Toast */,
				63462F11281BAC93005BA63C /* PerformanceDashboardVC.h */,
				63462F12281BAC93005BA63C /* Resource */,
				63462F14281BAC93005BA63C /* Base */,
				63462F2A281BAC93005BA63C /* Catergory */,
			);
			path = Support;
			sourceTree = "<group>";
		};
		63462F06281BAC93005BA63C /* UIStyle */ = {
			isa = PBXGroup;
			children = (
				63462F07281BAC93005BA63C /* Theme.h */,
				63462F08281BAC93005BA63C /* UIStyle.h */,
				63462F09281BAC93005BA63C /* ColorStyle.h */,
			);
			path = UIStyle;
			sourceTree = "<group>";
		};
		63462F0B281BAC93005BA63C /* Skeleton */ = {
			isa = PBXGroup;
			children = (
				63462F0C281BAC93005BA63C /* Skeleton.m */,
				63462F0D281BAC93005BA63C /* Skeleton.h */,
			);
			path = Skeleton;
			sourceTree = "<group>";
		};
		63462F0E281BAC93005BA63C /* Toast */ = {
			isa = PBXGroup;
			children = (
				63462F0F281BAC93005BA63C /* UIView+Toast.h */,
				63462F10281BAC93005BA63C /* UIView+Toast.m */,
			);
			path = Toast;
			sourceTree = "<group>";
		};
		63462F12281BAC93005BA63C /* Resource */ = {
			isa = PBXGroup;
			children = (
				63462F13281BAC93005BA63C /* demo.html */,
			);
			path = Resource;
			sourceTree = "<group>";
		};
		63462F14281BAC93005BA63C /* Base */ = {
			isa = PBXGroup;
			children = (
				63462F15281BAC93005BA63C /* BaseWebViewController */,
				63462F19281BAC93005BA63C /* BaseNavigationController */,
				63462F22281BAC93005BA63C /* BaseViewController */,
				63462F27281BAC93005BA63C /* TabBarController */,
			);
			path = Base;
			sourceTree = "<group>";
		};
		63462F15281BAC93005BA63C /* BaseWebViewController */ = {
			isa = PBXGroup;
			children = (
				63462F16281BAC93005BA63C /* BDBaseWebViewController.h */,
				63462F17281BAC93005BA63C /* BDBaseWebViewController.m */,
				63462F18281BAC93005BA63C /* jscode.txt */,
			);
			path = BaseWebViewController;
			sourceTree = "<group>";
		};
		63462F19281BAC93005BA63C /* BaseNavigationController */ = {
			isa = PBXGroup;
			children = (
				63462F1A281BAC93005BA63C /* BDNavigationViewController.h */,
				63462F1B281BAC93005BA63C /* BDNavigationView.m */,
				63462F1C281BAC93005BA63C /* NavigationBarView.h */,
				63462F1D281BAC93005BA63C /* UIViewController+PopGesture.h */,
				63462F1E281BAC93005BA63C /* BDNavigationViewController.m */,
				63462F1F281BAC93005BA63C /* BDNavigationView.h */,
				63462F20281BAC93005BA63C /* NavigationBarView.m */,
				63462F21281BAC93005BA63C /* UIViewController+PopGesture.m */,
			);
			path = BaseNavigationController;
			sourceTree = "<group>";
		};
		63462F22281BAC93005BA63C /* BaseViewController */ = {
			isa = PBXGroup;
			children = (
				63462F23281BAC93005BA63C /* BDBaseViewController.m */,
				63462F24281BAC93005BA63C /* BDLoadingView.m */,
				63462F25281BAC93005BA63C /* BDBaseViewController.h */,
				63462F26281BAC93005BA63C /* BDLoadingView.h */,
			);
			path = BaseViewController;
			sourceTree = "<group>";
		};
		63462F27281BAC93005BA63C /* TabBarController */ = {
			isa = PBXGroup;
			children = (
				63462F28281BAC93005BA63C /* BDTabBarViewController.m */,
				63462F29281BAC93005BA63C /* BDTabBarViewController.h */,
			);
			path = TabBarController;
			sourceTree = "<group>";
		};
		63462F2A281BAC93005BA63C /* Catergory */ = {
			isa = PBXGroup;
			children = (
				63462F2B281BAC93005BA63C /* UIWindow+KeyWindow.h */,
				63462F2C281BAC93005BA63C /* UIColor+Hex.m */,
				63462F2D281BAC93005BA63C /* UIView+Frame.m */,
				63462F2E281BAC93005BA63C /* UIWindow+KeyWindow.m */,
				63462F2F281BAC93005BA63C /* UIColor+Hex.h */,
				63462F30281BAC93005BA63C /* UIView+Frame.h */,
			);
			path = Catergory;
			sourceTree = "<group>";
		};
		B679DDA85DADC269137A10D9 /* Pods */ = {
			isa = PBXGroup;
			children = (
				3E6960C1ED9901A012DD6C73 /* Pods-HWJavaScriptBridge_Example.debug.xcconfig */,
				756DB97586239FFC0DEB20B0 /* Pods-HWJavaScriptBridge_Example.release.xcconfig */,
				C4320E7A6C2C8B1AC8E51DEC /* Pods-HWJavaScriptBridge_Tests.debug.xcconfig */,
				2C7308C80A3E9128C3B66BF0 /* Pods-HWJavaScriptBridge_Tests.release.xcconfig */,
			);
			path = Pods;
			sourceTree = "<group>";
		};
/* End PBXGroup section */

/* Begin PBXNativeTarget section */
		6003F589195388D20070C39A /* HWJavaScriptBridge_Example */ = {
			isa = PBXNativeTarget;
			buildConfigurationList = 6003F5BF195388D20070C39A /* Build configuration list for PBXNativeTarget "HWJavaScriptBridge_Example" */;
			buildPhases = (
				531A52AB401ACE041DB53D3D /* [CP] Check Pods Manifest.lock */,
				6003F586195388D20070C39A /* Sources */,
				6003F587195388D20070C39A /* Frameworks */,
				6003F588195388D20070C39A /* Resources */,
				4B303F2A503B5A8C160D58B1 /* [CP] Embed Pods Frameworks */,
			);
			buildRules = (
			);
			dependencies = (
			);
			name = HWJavaScriptBridge_Example;
			productName = HWJavaScriptBridge;
			productReference = 6003F58A195388D20070C39A /* HWJavaScriptBridge_Example.app */;
			productType = "com.apple.product-type.application";
		};
		6003F5AD195388D20070C39A /* HWJavaScriptBridge_Tests */ = {
			isa = PBXNativeTarget;
			buildConfigurationList = 6003F5C2195388D20070C39A /* Build configuration list for PBXNativeTarget "HWJavaScriptBridge_Tests" */;
			buildPhases = (
				C8AADA476E30FD194630904F /* [CP] Check Pods Manifest.lock */,
				6003F5AA195388D20070C39A /* Sources */,
				6003F5AB195388D20070C39A /* Frameworks */,
				6003F5AC195388D20070C39A /* Resources */,
				71B4971DB14D0493D93927C9 /* [CP] Embed Pods Frameworks */,
			);
			buildRules = (
			);
			dependencies = (
				6003F5B4195388D20070C39A /* PBXTargetDependency */,
			);
			name = HWJavaScriptBridge_Tests;
			productName = HWJavaScriptBridgeTests;
			productReference = 6003F5AE195388D20070C39A /* HWJavaScriptBridge_Tests.xctest */;
			productType = "com.apple.product-type.bundle.unit-test";
		};
/* End PBXNativeTarget section */

/* Begin PBXProject section */
		6003F582195388D10070C39A /* Project object */ = {
			isa = PBXProject;
			attributes = {
				CLASSPREFIX = HW;
				LastUpgradeCheck = 0720;
				ORGANIZATIONNAME = bbc6bae9;
				TargetAttributes = {
					6003F5AD195388D20070C39A = {
						TestTargetID = 6003F589195388D20070C39A;
					};
				};
			};
			buildConfigurationList = 6003F585195388D10070C39A /* Build configuration list for PBXProject "HWJavaScriptBridge" */;
			compatibilityVersion = "Xcode 3.2";
			developmentRegion = English;
			hasScannedForEncodings = 0;
			knownRegions = (
				English,
				en,
				Base,
			);
			mainGroup = 6003F581195388D10070C39A;
			productRefGroup = 6003F58B195388D20070C39A /* Products */;
			projectDirPath = "";
			projectRoot = "";
			targets = (
				6003F589195388D20070C39A /* HWJavaScriptBridge_Example */,
				6003F5AD195388D20070C39A /* HWJavaScriptBridge_Tests */,
			);
		};
/* End PBXProject section */

/* Begin PBXResourcesBuildPhase section */
		6003F588195388D20070C39A /* Resources */ = {
			isa = PBXResourcesBuildPhase;
			buildActionMask = 2147483647;
			files = (
				873B8AEB1B1F5CCA007FD442 /* Main.storyboard in Resources */,
				71719F9F1E33DC2100824A3D /* LaunchScreen.storyboard in Resources */,
				63462F36281BAC93005BA63C /* jscode.txt in Resources */,
				6003F5A9195388D20070C39A /* Images.xcassets in Resources */,
				63462F51281BAD47005BA63C /* demoapp.html in Resources */,
				6003F598195388D20070C39A /* InfoPlist.strings in Resources */,
				63462F53281BAEC5005BA63C /* honejsbridge.js in Resources */,
				63462F34281BAC93005BA63C /* demo.html in Resources */,
			);
			runOnlyForDeploymentPostprocessing = 0;
		};
		6003F5AC195388D20070C39A /* Resources */ = {
			isa = PBXResourcesBuildPhase;
			buildActionMask = 2147483647;
			files = (
				6003F5BA195388D20070C39A /* InfoPlist.strings in Resources */,
			);
			runOnlyForDeploymentPostprocessing = 0;
		};
/* End PBXResourcesBuildPhase section */

/* Begin PBXShellScriptBuildPhase section */
		4B303F2A503B5A8C160D58B1 /* [CP] Embed Pods Frameworks */ = {
			isa = PBXShellScriptBuildPhase;
			buildActionMask = 2147483647;
			files = (
			);
			inputPaths = (
				"${PODS_ROOT}/Target Support Files/Pods-HWJavaScriptBridge_Example/Pods-HWJavaScriptBridge_Example-frameworks.sh",
				"${BUILT_PRODUCTS_DIR}/HWJavaScriptBridge/HWJavaScriptBridge.framework",
			);
			name = "[CP] Embed Pods Frameworks";
			outputPaths = (
				"${TARGET_BUILD_DIR}/${FRAMEWORKS_FOLDER_PATH}/HWJavaScriptBridge.framework",
			);
			runOnlyForDeploymentPostprocessing = 0;
			shellPath = /bin/sh;
			shellScript = "\"${PODS_ROOT}/Target Support Files/Pods-HWJavaScriptBridge_Example/Pods-HWJavaScriptBridge_Example-frameworks.sh\"\n";
			showEnvVarsInLog = 0;
		};
		531A52AB401ACE041DB53D3D /* [CP] Check Pods Manifest.lock */ = {
			isa = PBXShellScriptBuildPhase;
			buildActionMask = 2147483647;
			files = (
			);
			inputFileListPaths = (
			);
			inputPaths = (
				"${PODS_PODFILE_DIR_PATH}/Podfile.lock",
				"${PODS_ROOT}/Manifest.lock",
			);
			name = "[CP] Check Pods Manifest.lock";
			outputFileListPaths = (
			);
			outputPaths = (
				"$(DERIVED_FILE_DIR)/Pods-HWJavaScriptBridge_Example-checkManifestLockResult.txt",
			);
			runOnlyForDeploymentPostprocessing = 0;
			shellPath = /bin/sh;
			shellScript = "diff \"${PODS_PODFILE_DIR_PATH}/Podfile.lock\" \"${PODS_ROOT}/Manifest.lock\" > /dev/null\nif [ $? != 0 ] ; then\n    # print error to STDERR\n    echo \"error: The sandbox is not in sync with the Podfile.lock. Run 'pod install' or update your CocoaPods installation.\" >&2\n    exit 1\nfi\n# This output is used by Xcode 'outputs' to avoid re-running this script phase.\necho \"SUCCESS\" > \"${SCRIPT_OUTPUT_FILE_0}\"\n";
			showEnvVarsInLog = 0;
		};
		71B4971DB14D0493D93927C9 /* [CP] Embed Pods Frameworks */ = {
			isa = PBXShellScriptBuildPhase;
			buildActionMask = 2147483647;
			files = (
			);
			inputPaths = (
				"${PODS_ROOT}/Target Support Files/Pods-HWJavaScriptBridge_Tests/Pods-HWJavaScriptBridge_Tests-frameworks.sh",
				"${BUILT_PRODUCTS_DIR}/FBSnapshotTestCase/FBSnapshotTestCase.framework",
			);
			name = "[CP] Embed Pods Frameworks";
			outputPaths = (
				"${TARGET_BUILD_DIR}/${FRAMEWORKS_FOLDER_PATH}/FBSnapshotTestCase.framework",
			);
			runOnlyForDeploymentPostprocessing = 0;
			shellPath = /bin/sh;
			shellScript = "\"${PODS_ROOT}/Target Support Files/Pods-HWJavaScriptBridge_Tests/Pods-HWJavaScriptBridge_Tests-frameworks.sh\"\n";
			showEnvVarsInLog = 0;
		};
		C8AADA476E30FD194630904F /* [CP] Check Pods Manifest.lock */ = {
			isa = PBXShellScriptBuildPhase;
			buildActionMask = 2147483647;
			files = (
			);
			inputFileListPaths = (
			);
			inputPaths = (
				"${PODS_PODFILE_DIR_PATH}/Podfile.lock",
				"${PODS_ROOT}/Manifest.lock",
			);
			name = "[CP] Check Pods Manifest.lock";
			outputFileListPaths = (
			);
			outputPaths = (
				"$(DERIVED_FILE_DIR)/Pods-HWJavaScriptBridge_Tests-checkManifestLockResult.txt",
			);
			runOnlyForDeploymentPostprocessing = 0;
			shellPath = /bin/sh;
			shellScript = "diff \"${PODS_PODFILE_DIR_PATH}/Podfile.lock\" \"${PODS_ROOT}/Manifest.lock\" > /dev/null\nif [ $? != 0 ] ; then\n    # print error to STDERR\n    echo \"error: The sandbox is not in sync with the Podfile.lock. Run 'pod install' or update your CocoaPods installation.\" >&2\n    exit 1\nfi\n# This output is used by Xcode 'outputs' to avoid re-running this script phase.\necho \"SUCCESS\" > \"${SCRIPT_OUTPUT_FILE_0}\"\n";
			showEnvVarsInLog = 0;
		};
/* End PBXShellScriptBuildPhase section */

/* Begin PBXSourcesBuildPhase section */
		6003F586195388D20070C39A /* Sources */ = {
			isa = PBXSourcesBuildPhase;
			buildActionMask = 2147483647;
			files = (
				63462F33281BAC93005BA63C /* UIView+Toast.m in Sources */,
				63462F4F281BACA4005BA63C /* VBWebViewController.m in Sources */,
				63462F3E281BAC93005BA63C /* UIColor+Hex.m in Sources */,
				63462F35281BAC93005BA63C /* BDBaseWebViewController.m in Sources */,
				63462F4D281BACA4005BA63C /* HomeViewController.m in Sources */,
				63462F32281BAC93005BA63C /* Skeleton.m in Sources */,
				6003F59E195388D20070C39A /* HWAppDelegate.m in Sources */,
				63462F38281BAC93005BA63C /* BDNavigationViewController.m in Sources */,
				63462F4B281BACA4005BA63C /* BridgeDemoViewController.m in Sources */,
				63462F40281BAC93005BA63C /* UIWindow+KeyWindow.m in Sources */,
				63462F3C281BAC93005BA63C /* BDLoadingView.m in Sources */,
				63462F3B281BAC93005BA63C /* BDBaseViewController.m in Sources */,
				63462F3F281BAC93005BA63C /* UIView+Frame.m in Sources */,
				6003F5A7195388D20070C39A /* HWViewController.m in Sources */,
				63462F4E281BACA4005BA63C /* VBViewController.m in Sources */,
				63462F3D281BAC93005BA63C /* BDTabBarViewController.m in Sources */,
				63462F39281BAC93005BA63C /* NavigationBarView.m in Sources */,
				63462F4C281BACA4005BA63C /* UIButton+Standard.m in Sources */,
				63462F3A281BAC93005BA63C /* UIViewController+PopGesture.m in Sources */,
				63462F31281BAC93005BA63C /* PerformanceDashboardVC.m in Sources */,
				63462F37281BAC93005BA63C /* BDNavigationView.m in Sources */,
				6003F59A195388D20070C39A /* main.m in Sources */,
			);
			runOnlyForDeploymentPostprocessing = 0;
		};
		6003F5AA195388D20070C39A /* Sources */ = {
			isa = PBXSourcesBuildPhase;
			buildActionMask = 2147483647;
			files = (
				6003F5BC195388D20070C39A /* Tests.m in Sources */,
			);
			runOnlyForDeploymentPostprocessing = 0;
		};
/* End PBXSourcesBuildPhase section */

/* Begin PBXTargetDependency section */
		6003F5B4195388D20070C39A /* PBXTargetDependency */ = {
			isa = PBXTargetDependency;
			target = 6003F589195388D20070C39A /* HWJavaScriptBridge_Example */;
			targetProxy = 6003F5B3195388D20070C39A /* PBXContainerItemProxy */;
		};
/* End PBXTargetDependency section */

/* Begin PBXVariantGroup section */
		6003F596195388D20070C39A /* InfoPlist.strings */ = {
			isa = PBXVariantGroup;
			children = (
				6003F597195388D20070C39A /* en */,
			);
			name = InfoPlist.strings;
			sourceTree = "<group>";
		};
		6003F5B8195388D20070C39A /* InfoPlist.strings */ = {
			isa = PBXVariantGroup;
			children = (
				6003F5B9195388D20070C39A /* en */,
			);
			name = InfoPlist.strings;
			sourceTree = "<group>";
		};
		71719F9D1E33DC2100824A3D /* LaunchScreen.storyboard */ = {
			isa = PBXVariantGroup;
			children = (
				71719F9E1E33DC2100824A3D /* Base */,
			);
			name = LaunchScreen.storyboard;
			sourceTree = "<group>";
		};
/* End PBXVariantGroup section */

/* Begin XCBuildConfiguration section */
		6003F5BD195388D20070C39A /* Debug */ = {
			isa = XCBuildConfiguration;
			buildSettings = {
				ALWAYS_SEARCH_USER_PATHS = NO;
				CLANG_CXX_LANGUAGE_STANDARD = "gnu++0x";
				CLANG_CXX_LIBRARY = "libc++";
				CLANG_ENABLE_MODULES = YES;
				CLANG_ENABLE_OBJC_ARC = YES;
				CLANG_WARN_BOOL_CONVERSION = YES;
				CLANG_WARN_CONSTANT_CONVERSION = YES;
				CLANG_WARN_DIRECT_OBJC_ISA_USAGE = YES_ERROR;
				CLANG_WARN_EMPTY_BODY = YES;
				CLANG_WARN_ENUM_CONVERSION = YES;
				CLANG_WARN_INT_CONVERSION = YES;
				CLANG_WARN_OBJC_ROOT_CLASS = YES_ERROR;
				CLANG_WARN__DUPLICATE_METHOD_MATCH = YES;
				"CODE_SIGN_IDENTITY[sdk=iphoneos*]" = "iPhone Developer";
				COPY_PHASE_STRIP = NO;
				ENABLE_TESTABILITY = YES;
				GCC_C_LANGUAGE_STANDARD = gnu99;
				GCC_DYNAMIC_NO_PIC = NO;
				GCC_OPTIMIZATION_LEVEL = 0;
				GCC_PREPROCESSOR_DEFINITIONS = (
					"DEBUG=1",
					"$(inherited)",
				);
				GCC_SYMBOLS_PRIVATE_EXTERN = NO;
				GCC_WARN_64_TO_32_BIT_CONVERSION = YES;
				GCC_WARN_ABOUT_RETURN_TYPE = YES_ERROR;
				GCC_WARN_UNDECLARED_SELECTOR = YES;
				GCC_WARN_UNINITIALIZED_AUTOS = YES_AGGRESSIVE;
				GCC_WARN_UNUSED_FUNCTION = YES;
				GCC_WARN_UNUSED_VARIABLE = YES;
				IPHONEOS_DEPLOYMENT_TARGET = 9.3;
				ONLY_ACTIVE_ARCH = YES;
				SDKROOT = iphoneos;
				TARGETED_DEVICE_FAMILY = "1,2";
			};
			name = Debug;
		};
		6003F5BE195388D20070C39A /* Release */ = {
			isa = XCBuildConfiguration;
			buildSettings = {
				ALWAYS_SEARCH_USER_PATHS = NO;
				CLANG_CXX_LANGUAGE_STANDARD = "gnu++0x";
				CLANG_CXX_LIBRARY = "libc++";
				CLANG_ENABLE_MODULES = YES;
				CLANG_ENABLE_OBJC_ARC = YES;
				CLANG_WARN_BOOL_CONVERSION = YES;
				CLANG_WARN_CONSTANT_CONVERSION = YES;
				CLANG_WARN_DIRECT_OBJC_ISA_USAGE = YES_ERROR;
				CLANG_WARN_EMPTY_BODY = YES;
				CLANG_WARN_ENUM_CONVERSION = YES;
				CLANG_WARN_INT_CONVERSION = YES;
				CLANG_WARN_OBJC_ROOT_CLASS = YES_ERROR;
				CLANG_WARN__DUPLICATE_METHOD_MATCH = YES;
				"CODE_SIGN_IDENTITY[sdk=iphoneos*]" = "iPhone Developer";
				COPY_PHASE_STRIP = YES;
				ENABLE_NS_ASSERTIONS = NO;
				GCC_C_LANGUAGE_STANDARD = gnu99;
				GCC_WARN_64_TO_32_BIT_CONVERSION = YES;
				GCC_WARN_ABOUT_RETURN_TYPE = YES_ERROR;
				GCC_WARN_UNDECLARED_SELECTOR = YES;
				GCC_WARN_UNINITIALIZED_AUTOS = YES_AGGRESSIVE;
				GCC_WARN_UNUSED_FUNCTION = YES;
				GCC_WARN_UNUSED_VARIABLE = YES;
				IPHONEOS_DEPLOYMENT_TARGET = 9.3;
				SDKROOT = iphoneos;
				TARGETED_DEVICE_FAMILY = "1,2";
				VALIDATE_PRODUCT = YES;
			};
			name = Release;
		};
		6003F5C0195388D20070C39A /* Debug */ = {
			isa = XCBuildConfiguration;
			baseConfigurationReference = 3E6960C1ED9901A012DD6C73 /* Pods-HWJavaScriptBridge_Example.debug.xcconfig */;
			buildSettings = {
				ASSETCATALOG_COMPILER_APPICON_NAME = AppIcon;
				GCC_PRECOMPILE_PREFIX_HEADER = YES;
				GCC_PREFIX_HEADER = "HWJavaScriptBridge/HWJavaScriptBridge-Prefix.pch";
				INFOPLIST_FILE = "HWJavaScriptBridge/HWJavaScriptBridge-Info.plist";
				MODULE_NAME = ExampleApp;
				PRODUCT_BUNDLE_IDENTIFIER = "org.cocoapods.demo.${PRODUCT_NAME:rfc1034identifier}";
				PRODUCT_NAME = "$(TARGET_NAME)";
				SWIFT_VERSION = 4.0;
				WRAPPER_EXTENSION = app;
			};
			name = Debug;
		};
		6003F5C1195388D20070C39A /* Release */ = {
			isa = XCBuildConfiguration;
			baseConfigurationReference = 756DB97586239FFC0DEB20B0 /* Pods-HWJavaScriptBridge_Example.release.xcconfig */;
			buildSettings = {
				ASSETCATALOG_COMPILER_APPICON_NAME = AppIcon;
				GCC_PRECOMPILE_PREFIX_HEADER = YES;
				GCC_PREFIX_HEADER = "HWJavaScriptBridge/HWJavaScriptBridge-Prefix.pch";
				INFOPLIST_FILE = "HWJavaScriptBridge/HWJavaScriptBridge-Info.plist";
				MODULE_NAME = ExampleApp;
				PRODUCT_BUNDLE_IDENTIFIER = "org.cocoapods.demo.${PRODUCT_NAME:rfc1034identifier}";
				PRODUCT_NAME = "$(TARGET_NAME)";
				SWIFT_VERSION = 4.0;
				WRAPPER_EXTENSION = app;
			};
			name = Release;
		};
		6003F5C3195388D20070C39A /* Debug */ = {
			isa = XCBuildConfiguration;
			baseConfigurationReference = C4320E7A6C2C8B1AC8E51DEC /* Pods-HWJavaScriptBridge_Tests.debug.xcconfig */;
			buildSettings = {
				BUNDLE_LOADER = "$(TEST_HOST)";
				FRAMEWORK_SEARCH_PATHS = (
					"$(PLATFORM_DIR)/Developer/Library/Frameworks",
					"$(inherited)",
					"$(DEVELOPER_FRAMEWORKS_DIR)",
				);
				GCC_PRECOMPILE_PREFIX_HEADER = YES;
				GCC_PREFIX_HEADER = "Tests/Tests-Prefix.pch";
				GCC_PREPROCESSOR_DEFINITIONS = (
					"DEBUG=1",
					"$(inherited)",
				);
				INFOPLIST_FILE = "Tests/Tests-Info.plist";
				PRODUCT_BUNDLE_IDENTIFIER = "org.cocoapods.demo.${PRODUCT_NAME:rfc1034identifier}";
				PRODUCT_NAME = "$(TARGET_NAME)";
				SWIFT_VERSION = 4.0;
				TEST_HOST = "$(BUILT_PRODUCTS_DIR)/HWJavaScriptBridge_Example.app/HWJavaScriptBridge_Example";
				WRAPPER_EXTENSION = xctest;
			};
			name = Debug;
		};
		6003F5C4195388D20070C39A /* Release */ = {
			isa = XCBuildConfiguration;
			baseConfigurationReference = 2C7308C80A3E9128C3B66BF0 /* Pods-HWJavaScriptBridge_Tests.release.xcconfig */;
			buildSettings = {
				BUNDLE_LOADER = "$(TEST_HOST)";
				FRAMEWORK_SEARCH_PATHS = (
					"$(PLATFORM_DIR)/Developer/Library/Frameworks",
					"$(inherited)",
					"$(DEVELOPER_FRAMEWORKS_DIR)",
				);
				GCC_PRECOMPILE_PREFIX_HEADER = YES;
				GCC_PREFIX_HEADER = "Tests/Tests-Prefix.pch";
				INFOPLIST_FILE = "Tests/Tests-Info.plist";
				PRODUCT_BUNDLE_IDENTIFIER = "org.cocoapods.demo.${PRODUCT_NAME:rfc1034identifier}";
				PRODUCT_NAME = "$(TARGET_NAME)";
				SWIFT_VERSION = 4.0;
				TEST_HOST = "$(BUILT_PRODUCTS_DIR)/HWJavaScriptBridge_Example.app/HWJavaScriptBridge_Example";
				WRAPPER_EXTENSION = xctest;
			};
			name = Release;
		};
/* End XCBuildConfiguration section */

/* Begin XCConfigurationList section */
		6003F585195388D10070C39A /* Build configuration list for PBXProject "HWJavaScriptBridge" */ = {
			isa = XCConfigurationList;
			buildConfigurations = (
				6003F5BD195388D20070C39A /* Debug */,
				6003F5BE195388D20070C39A /* Release */,
			);
			defaultConfigurationIsVisible = 0;
			defaultConfigurationName = Release;
		};
		6003F5BF195388D20070C39A /* Build configuration list for PBXNativeTarget "HWJavaScriptBridge_Example" */ = {
			isa = XCConfigurationList;
			buildConfigurations = (
				6003F5C0195388D20070C39A /* Debug */,
				6003F5C1195388D20070C39A /* Release */,
			);
			defaultConfigurationIsVisible = 0;
			defaultConfigurationName = Release;
		};
		6003F5C2195388D20070C39A /* Build configuration list for PBXNativeTarget "HWJavaScriptBridge_Tests" */ = {
			isa = XCConfigurationList;
			buildConfigurations = (
				6003F5C3195388D20070C39A /* Debug */,
				6003F5C4195388D20070C39A /* Release */,
			);
			defaultConfigurationIsVisible = 0;
			defaultConfigurationName = Release;
		};
/* End XCConfigurationList section */
	};
	rootObject = 6003F582195388D10070C39A /* Project object */;
}
